
Microsoft Visual Studio Solution File, Format Version 12.00
# Visual Studio Version 16
VisualStudioVersion = 16.0.31410.357
MinimumVisualStudioVersion = 10.0.40219.1
Project("{FAE04EC0-301F-11D3-BF4B-00C04F79EFBC}") = "DirectFerries", "DirectFerries\DirectFerries.csproj", "{5F7EAC96-EA14-46D7-95BF-08AA8E727A8D}"
EndProject
Project("{FAE04EC0-301F-11D3-BF4B-00C04F79EFBC}") = "DirectFerries.Tests", "DirectFerries.Tests\DirectFerries.Tests.csproj", "{A125C849-8175-4C3F-B8D0-C76DEC42D126}"
EndProject
Project("{FAE04EC0-301F-11D3-BF4B-00C04F79EFBC}") = "DirectFerries.Business", "DirectFerries.Business\DirectFerries.Business.csproj", "{5D381F12-C402-4728-BE7C-1B235D5B33B7}"
EndProject
Global
	GlobalSection(SolutionConfigurationPlatforms) = preSolution
		Debug|Any CPU = Debug|Any CPU
		Release|Any CPU = Release|Any CPU
	EndGlobalSection
	GlobalSection(ProjectConfigurationPlatforms) = postSolution
		{5F7EAC96-EA14-46D7-95BF-08AA8E727A8D}.Debug|Any CPU.ActiveCfg = Debug|Any CPU
		{5F7EAC96-EA14-46D7-95BF-08AA8E727A8D}.Debug|Any CPU.Build.0 = Debug|Any CPU
		{5F7EAC96-EA14-46D7-95BF-08AA8E727A8D}.Release|Any CPU.ActiveCfg = Release|Any CPU
		{5F7EAC96-EA14-46D7-95BF-08AA8E727A8D}.Release|Any CPU.Build.0 = Release|Any CPU
		{A125C849-8175-4C3F-B8D0-C76DEC42D126}.Debug|Any CPU.ActiveCfg = Debug|Any CPU
		{A125C849-8175-4C3F-B8D0-C76DEC42D126}.Debug|Any CPU.Build.0 = Debug|Any CPU
		{A125C849-8175-4C3F-B8D0-C76DEC42D126}.Release|Any CPU.ActiveCfg = Release|Any CPU
		{A125C849-8175-4C3F-B8D0-C76DEC42D126}.Release|Any CPU.Build.0 = Release|Any CPU
		{5D381F12-C402-4728-BE7C-1B235D5B33B7}.Debug|Any CPU.ActiveCfg = Debug|Any CPU
		{5D381F12-C402-4728-BE7C-1B235D5B33B7}.Debug|Any CPU.Build.0 = Debug|Any CPU
		{5D381F12-C402-4728-BE7C-1B235D5B33B7}.Release|Any CPU.ActiveCfg = Release|Any CPU
		{5D381F12-C402-4728-BE7C-1B235D5B33B7}.Release|Any CPU.Build.0 = Release|Any CPU
	EndGlobalSection
	GlobalSection(SolutionProperties) = preSolution
		HideSolutionNode = FALSE
	EndGlobalSection
	GlobalSection(ExtensibilityGlobals) = postSolution
		SolutionGuid = {7D473D58-4181-4EE2-985E-0F533EB692D3}
	EndGlobalSection
EndGlobal
